version = 1
revision = 3
requires-python = ">=3.14"

[[package]]
name = "adb-browser"
version = "0.7.0"
source = { virtual = "." }
dependencies = [
    { name = "tkinterdnd2" },
    { name = "tomli-w" },
]

[package.metadata]
requires-dist = [
    { name = "tkinterdnd2", specifier = ">=0.6.3" },
    { name = "tomli-w", specifier = ">=1.2.0" },
]

[[package]]
name = "tkinterdnd2"
version = "0.6.3"
source = { registry = "https://mirrors.aliyun.com/pypi/simple" }
sdist = { url = "https://mirrors.aliyun.com/pypi/packages/32/e7/50713531e91cbbd546a72f3044742fa43914bdebab3e012cccb28da5eb8a/tkinterdnd2-0.6.3.tar.gz", hash = "sha256:53ed472ec08705702e087b5664f0534ca53a07a67102255f9cdc82bc5094158b" }
wheels = [
    { url = "https://mirrors.aliyun.com/pypi/packages/f4/86/fb62a6251863085d9e4ccf80cd0e55a19b91fab752a0b245d59aecade8f8/tkinterdnd2-0.6.3-py3-none-any.whl", hash = "sha256:50c7386302104bfb30d8e15b4cc53c0581bc51a28186ff4d7ad3cb2cc820c936" },
]

[[package]]
name = "tomli-w"
version = "1.2.0"
source = { registry = "https://mirrors.aliyun.com/pypi/simple" }
sdist = { url = "https://mirrors.aliyun.com/pypi/packages/19/75/241269d1da26b624c0d5e110e8149093c759b7a286138f4efd61a60e75fe/tomli_w-1.2.0.tar.gz", hash = "sha256:2dd14fac5a47c27be9cd4c976af5a12d87fb1f0b4512f81d69cce3b35ae25021" }
wheels = [
    { url = "https://mirrors.aliyun.com/pypi/packages/c7/18/c86eb8e0202e32dd3df50d43d7ff9854f8e0603945ff398974c1d91ac1ef/tomli_w-1.2.0-py3-none-any.whl", hash = "sha256:188306098d013b691fcadc011abd66727d3c414c571bb01b1a174ba8c983cf90" },
]
